
Microsoft Visual Studio Solution File, Format Version 12.00
# Visual Studio Version 17
VisualStudioVersion = 17.3.32825.248
MinimumVisualStudioVersion = 10.0.40219.1
Project("{FAE04EC0-301F-11D3-BF4B-00C04F79EFBC}") = "TCPchartServer", "TCPchartServer\TCPchartServer.csproj", "{05EFBFA3-D589-482C-B249-CCD6290B1BCB}"
EndProject
Global
	GlobalSection(SolutionConfigurationPlatforms) = preSolution
		Debug|Any CPU = Debug|Any CPU
		Release|Any CPU = Release|Any CPU
	EndGlobalSection
	GlobalSection(ProjectConfigurationPlatforms) = postSolution
		{05EFBFA3-D589-482C-B249-CCD6290B1BCB}.Debug|Any CPU.ActiveCfg = Debug|Any CPU
		{05EFBFA3-D589-482C-B249-CCD6290B1BCB}.Debug|Any CPU.Build.0 = Debug|Any CPU
		{05EFBFA3-D589-482C-B249-CCD6290B1BCB}.Release|Any CPU.ActiveCfg = Release|Any CPU
		{05EFBFA3-D589-482C-B249-CCD6290B1BCB}.Release|Any CPU.Build.0 = Release|Any CPU
	EndGlobalSection
	GlobalSection(SolutionProperties) = preSolution
		HideSolutionNode = FALSE
	EndGlobalSection
	GlobalSection(ExtensibilityGlobals) = postSolution
		SolutionGuid = {4B27DEFB-8717-4095-8C9F-94CDA36E6910}
	EndGlobalSection
EndGlobal
